PODS:
  - FlutterMacOS (1.0.0)
  - hf_xet (0.0.1):
    - FlutterMacOS

DEPENDENCIES:
  - FlutterMacOS (from `Flutter/ephemeral`)
  - hf_xet (from `Flutter/ephemeral/.symlinks/plugins/hf_xet/macos`)

EXTERNAL SOURCES:
  FlutterMacOS:
    :path: Flutter/ephemeral
  hf_xet:
    :path: Flutter/ephemeral/.symlinks/plugins/hf_xet/macos

SPEC CHECKSUMS:
  FlutterMacOS: d0db08ddef1a9af05a5ec4b724367152bb0500b1
  hf_xet: c6f5975615cfdc736852ae8cb73462abd43192ea

PODFILE CHECKSUM: 54d867c82ac51cbd61b565781b9fada492027009

COCOAPODS: 1.16.2
